
Microsoft Visual Studio Solution File, Format Version 12.00
# Visual Studio Version 16
VisualStudioVersion = 16.0.29728.190
MinimumVisualStudioVersion = 10.0.40219.1
Project("{FAE04EC0-301F-11D3-BF4B-00C04F79EFBC}") = "UltimateWorkShiftValidator", "UltimateWorkShiftValidator\UltimateWorkShiftValidator.csproj", "{87159455-B2B6-4CC2-9F53-16AE3F957A10}"
EndProject
Global
	GlobalSection(SolutionConfigurationPlatforms) = preSolution
		Debug|Any CPU = Debug|Any CPU
		Release|Any CPU = Release|Any CPU
	EndGlobalSection
	GlobalSection(ProjectConfigurationPlatforms) = postSolution
		{87159455-B2B6-4CC2-9F53-16AE3F957A10}.Debug|Any CPU.ActiveCfg = Debug|Any CPU
		{87159455-B2B6-4CC2-9F53-16AE3F957A10}.Debug|Any CPU.Build.0 = Debug|Any CPU
		{87159455-B2B6-4CC2-9F53-16AE3F957A10}.Release|Any CPU.ActiveCfg = Release|Any CPU
		{87159455-B2B6-4CC2-9F53-16AE3F957A10}.Release|Any CPU.Build.0 = Release|Any CPU
	EndGlobalSection
	GlobalSection(SolutionProperties) = preSolution
		HideSolutionNode = FALSE
	EndGlobalSection
	GlobalSection(ExtensibilityGlobals) = postSolution
		SolutionGuid = {D91C0F4C-4DCA-43B7-A934-F95B72A27968}
	EndGlobalSection
EndGlobal
